{
  "version": 4,
  "terraform_version": "1.9.5",
  "serial": 9,
  "lineage": "709efe01-58bb-136e-4259-902a0eb6cacf",
  "outputs": {},
  "resources": [
    {
      "mode": "managed",
      "type": "azurerm_linux_virtual_machine",
      "name": "myazurelinuxvm",
      "provider": "provider[\"registry.terraform.io/hashicorp/azurerm\"]",
      "instances": [
        {
          "schema_version": 0,
          "attributes": {
            "additional_capabilities": [],
            "admin_password": null,
            "admin_ssh_key": [
              {
                "public_key": "ssh-rsa AAAAB3NzaC1yc2EAAAADAQABAAABgQC/4DMMHuZsQLeij2ojk07oyNn9og1fSHfis9fb4IeH6xVn7Pjwfw5oZWTQxvbD2EP/1qr9OAOuYUi6urjmBII59AlPtvxTEMck3Q2RmyAy6OKOnoSff4exkhk6gMSRQPc2SiymJ+eYCek0G/xP4dlIGNBr6spDRraCdpfxQIuPzdFqCvFAen/0PtOBKl18ci/cyO5/OlsOrBl0h+eUy+Z04OqsxwvC8d+kHT0Nvy/N4du/DtQpxRq+a+BN0LOwAFTl/cfSUc6ZSygTJqDB5t8qz8Yq/+nRBF0aZiB9qNlLNKpY1/pl1ohotS/HiAaD8XA8LcELhC3PqYu3tOtedmXvHoxrf617tsw6OU6iE+sIk8JCY8NFE7ryWnyY9RQCbAxNPHLpajqZOLA/bnQTkmXhm3QZvk71x5sBolkhCSGxsBq9cAdyoXVfANkbGhHXHs9g2icvcgidN1be/L4lIgRWLtf4WsWiFp7pvK1b0TJKHZLByEsP/y7GHcESm2soVjE= asad.raza@tkxel.io\n",
                "username": "adminuser"
              }
            ],
            "admin_username": "adminuser",
            "allow_extension_operations": true,
            "availability_set_id": "",
            "boot_diagnostics": [],
            "bypass_platform_safety_checks_on_user_schedule_enabled": false,
            "capacity_reservation_group_id": "",
            "computer_name": "myazurelinuxvm-machine",
            "custom_data": null,
            "dedicated_host_group_id": "",
            "dedicated_host_id": "",
            "disable_password_authentication": true,
            "disk_controller_type": "",
            "edge_zone": "",
            "encryption_at_host_enabled": false,
            "eviction_policy": "",
            "extensions_time_budget": "PT1H30M",
            "gallery_application": [],
            "id": "/subscriptions/a2b28c85-1948-4263-90ca-bade2bac4df4/resourceGroups/kml_rg_main-38562b46e13443fa/providers/Microsoft.Compute/virtualMachines/myazurelinuxvm-machine",
            "identity": [],
            "license_type": "",
            "location": "westus",
            "max_bid_price": -1,
            "name": "myazurelinuxvm-machine",
            "network_interface_ids": [
              "/subscriptions/a2b28c85-1948-4263-90ca-bade2bac4df4/resourceGroups/kml_rg_main-38562b46e13443fa/providers/Microsoft.Network/networkInterfaces/myazurelinuxvm-nic"
            ],
            "os_disk": [
              {
                "caching": "ReadWrite",
                "diff_disk_settings": [],
                "disk_encryption_set_id": "",
                "disk_size_gb": 30,
                "name": "myazurelinuxvm-machine_OsDisk_1_04350ad59ed041168bae235e7c35b3f0",
                "secure_vm_disk_encryption_set_id": "",
                "security_encryption_type": "",
                "storage_account_type": "Standard_LRS",
                "write_accelerator_enabled": false
              }
            ],
            "os_image_notification": [],
            "patch_assessment_mode": "ImageDefault",
            "patch_mode": "ImageDefault",
            "plan": [],
            "platform_fault_domain": -1,
            "priority": "Regular",
            "private_ip_address": "10.0.2.4",
            "private_ip_addresses": [
              "10.0.2.4"
            ],
            "provision_vm_agent": true,
            "proximity_placement_group_id": "",
            "public_ip_address": "",
            "public_ip_addresses": [],
            "reboot_setting": "",
            "resource_group_name": "kml_rg_main-38562b46e13443fa",
            "secret": [],
            "secure_boot_enabled": false,
            "size": "Standard_B2s",
            "source_image_id": "",
            "source_image_reference": [
              {
                "offer": "0001-com-ubuntu-server-jammy",
                "publisher": "Canonical",
                "sku": "22_04-lts",
                "version": "latest"
              }
            ],
            "tags": null,
            "termination_notification": null,
            "timeouts": null,
            "user_data": "",
            "virtual_machine_id": "4b4e625c-c739-4ddd-90d1-9ec690c5828a",
            "virtual_machine_scale_set_id": "",
            "vm_agent_platform_updates_enabled": false,
            "vtpm_enabled": false,
            "zone": ""
          },
          "sensitive_attributes": [
            [
              {
                "type": "get_attr",
                "value": "admin_password"
              }
            ],
            [
              {
                "type": "get_attr",
                "value": "custom_data"
              }
            ]
          ],
          "private": "eyJlMmJmYjczMC1lY2FhLTExZTYtOGY4OC0zNDM2M2JjN2M0YzAiOnsiY3JlYXRlIjoyNzAwMDAwMDAwMDAwLCJkZWxldGUiOjI3MDAwMDAwMDAwMDAsInJlYWQiOjMwMDAwMDAwMDAwMCwidXBkYXRlIjoyNzAwMDAwMDAwMDAwfX0=",
          "dependencies": [
            "azurerm_network_interface.myazurelinuxvm",
            "azurerm_resource_group.myazurelinuxvm",
            "azurerm_subnet.myazurelinuxvm",
            "azurerm_virtual_network.myazurelinuxvm"
          ]
        }
      ]
    },
    {
      "mode": "managed",
      "type": "azurerm_network_interface",
      "name": "myazurelinuxvm",
      "provider": "provider[\"registry.terraform.io/hashicorp/azurerm\"]",
      "instances": [
        {
          "schema_version": 0,
          "attributes": {
            "accelerated_networking_enabled": false,
            "applied_dns_servers": [],
            "auxiliary_mode": "",
            "auxiliary_sku": "",
            "dns_servers": [],
            "edge_zone": "",
            "id": "/subscriptions/a2b28c85-1948-4263-90ca-bade2bac4df4/resourceGroups/kml_rg_main-38562b46e13443fa/providers/Microsoft.Network/networkInterfaces/myazurelinuxvm-nic",
            "internal_dns_name_label": "",
            "internal_domain_name_suffix": "bmsoq1uqrkvebo4nv1hvoccwuf.dx.internal.cloudapp.net",
            "ip_configuration": [
              {
                "gateway_load_balancer_frontend_ip_configuration_id": "",
                "name": "internal",
                "primary": true,
                "private_ip_address": "10.0.2.4",
                "private_ip_address_allocation": "Dynamic",
                "private_ip_address_version": "IPv4",
                "public_ip_address_id": "",
                "subnet_id": "/subscriptions/a2b28c85-1948-4263-90ca-bade2bac4df4/resourceGroups/kml_rg_main-38562b46e13443fa/providers/Microsoft.Network/virtualNetworks/myazurelinuxvm-network/subnets/internal"
              }
            ],
            "ip_forwarding_enabled": false,
            "location": "westus",
            "mac_address": "",
            "name": "myazurelinuxvm-nic",
            "private_ip_address": "10.0.2.4",
            "private_ip_addresses": [
              "10.0.2.4"
            ],
            "resource_group_name": "kml_rg_main-38562b46e13443fa",
            "tags": {},
            "timeouts": null,
            "virtual_machine_id": ""
          },
          "sensitive_attributes": [],
          "private": "eyJlMmJmYjczMC1lY2FhLTExZTYtOGY4OC0zNDM2M2JjN2M0YzAiOnsiY3JlYXRlIjoxODAwMDAwMDAwMDAwLCJkZWxldGUiOjE4MDAwMDAwMDAwMDAsInJlYWQiOjMwMDAwMDAwMDAwMCwidXBkYXRlIjoxODAwMDAwMDAwMDAwfX0=",
          "dependencies": [
            "azurerm_resource_group.myazurelinuxvm",
            "azurerm_subnet.myazurelinuxvm",
            "azurerm_virtual_network.myazurelinuxvm"
          ]
        }
      ]
    },
    {
      "mode": "managed",
      "type": "azurerm_resource_group",
      "name": "myazurelinuxvm",
      "provider": "provider[\"registry.terraform.io/hashicorp/azurerm\"]",
      "instances": [
        {
          "schema_version": 0,
          "attributes": {
            "id": "/subscriptions/a2b28c85-1948-4263-90ca-bade2bac4df4/resourceGroups/kml_rg_main-38562b46e13443fa",
            "location": "westus",
            "managed_by": "",
            "name": "kml_rg_main-38562b46e13443fa",
            "tags": {},
            "timeouts": null
          },
          "sensitive_attributes": [],
          "private": "eyJlMmJmYjczMC1lY2FhLTExZTYtOGY4OC0zNDM2M2JjN2M0YzAiOnsiY3JlYXRlIjo1NDAwMDAwMDAwMDAwLCJkZWxldGUiOjU0MDAwMDAwMDAwMDAsInJlYWQiOjMwMDAwMDAwMDAwMCwidXBkYXRlIjo1NDAwMDAwMDAwMDAwfSwic2NoZW1hX3ZlcnNpb24iOiIwIn0="
        }
      ]
    },
    {
      "mode": "managed",
      "type": "azurerm_subnet",
      "name": "myazurelinuxvm",
      "provider": "provider[\"registry.terraform.io/hashicorp/azurerm\"]",
      "instances": [
        {
          "schema_version": 0,
          "attributes": {
            "address_prefixes": [
              "10.0.2.0/24"
            ],
            "default_outbound_access_enabled": true,
            "delegation": [],
            "id": "/subscriptions/a2b28c85-1948-4263-90ca-bade2bac4df4/resourceGroups/kml_rg_main-38562b46e13443fa/providers/Microsoft.Network/virtualNetworks/myazurelinuxvm-network/subnets/internal",
            "name": "internal",
            "private_endpoint_network_policies": "Disabled",
            "private_link_service_network_policies_enabled": true,
            "resource_group_name": "kml_rg_main-38562b46e13443fa",
            "service_endpoint_policy_ids": [],
            "service_endpoints": [],
            "timeouts": null,
            "virtual_network_name": "myazurelinuxvm-network"
          },
          "sensitive_attributes": [],
          "private": "eyJlMmJmYjczMC1lY2FhLTExZTYtOGY4OC0zNDM2M2JjN2M0YzAiOnsiY3JlYXRlIjoxODAwMDAwMDAwMDAwLCJkZWxldGUiOjE4MDAwMDAwMDAwMDAsInJlYWQiOjMwMDAwMDAwMDAwMCwidXBkYXRlIjoxODAwMDAwMDAwMDAwfX0=",
          "dependencies": [
            "azurerm_resource_group.myazurelinuxvm",
            "azurerm_virtual_network.myazurelinuxvm"
          ]
        }
      ]
    },
    {
      "mode": "managed",
      "type": "azurerm_virtual_network",
      "name": "myazurelinuxvm",
      "provider": "provider[\"registry.terraform.io/hashicorp/azurerm\"]",
      "instances": [
        {
          "schema_version": 0,
          "attributes": {
            "address_space": [
              "10.0.0.0/16"
            ],
            "bgp_community": "",
            "ddos_protection_plan": [],
            "dns_servers": [],
            "edge_zone": "",
            "encryption": [],
            "flow_timeout_in_minutes": 0,
            "guid": "6ee8240b-8a90-40aa-bbcd-aecf570856a5",
            "id": "/subscriptions/a2b28c85-1948-4263-90ca-bade2bac4df4/resourceGroups/kml_rg_main-38562b46e13443fa/providers/Microsoft.Network/virtualNetworks/myazurelinuxvm-network",
            "location": "westus",
            "name": "myazurelinuxvm-network",
            "resource_group_name": "kml_rg_main-38562b46e13443fa",
            "subnet": [
              {
                "address_prefixes": [
                  "10.0.2.0/24"
                ],
                "default_outbound_access_enabled": true,
                "delegation": [],
                "id": "/subscriptions/a2b28c85-1948-4263-90ca-bade2bac4df4/resourceGroups/kml_rg_main-38562b46e13443fa/providers/Microsoft.Network/virtualNetworks/myazurelinuxvm-network/subnets/internal",
                "name": "internal",
                "private_endpoint_network_policies": "Disabled",
                "private_link_service_network_policies_enabled": true,
                "route_table_id": "",
                "security_group": "",
                "service_endpoint_policy_ids": [],
                "service_endpoints": []
              }
            ],
            "tags": {},
            "timeouts": null
          },
          "sensitive_attributes": [],
          "private": "eyJlMmJmYjczMC1lY2FhLTExZTYtOGY4OC0zNDM2M2JjN2M0YzAiOnsiY3JlYXRlIjoxODAwMDAwMDAwMDAwLCJkZWxldGUiOjE4MDAwMDAwMDAwMDAsInJlYWQiOjMwMDAwMDAwMDAwMCwidXBkYXRlIjoxODAwMDAwMDAwMDAwfX0=",
          "dependencies": [
            "azurerm_resource_group.myazurelinuxvm"
          ]
        }
      ]
    }
  ],
  "check_results": null
}
